
Microsoft Visual Studio Solution File, Format Version 12.00
Project("{FAE04EC0-301F-11D3-BF4B-00C04F79EFBC}") = "Api", "Api\Api.csproj", "{E8157835-DDA5-4030-8C70-D9ACE5DF6D77}"
EndProject
Project("{FAE04EC0-301F-11D3-BF4B-00C04F79EFBC}") = "Logic", "Logic\Logic.csproj", "{61FBDA81-CD0E-4A3D-8D9A-B482561F2183}"
EndProject
Project("{FAE04EC0-301F-11D3-BF4B-00C04F79EFBC}") = "Dal", "Dal\Dal.csproj", "{E8A43861-F32A-4619-AFCB-13D2FD233340}"
EndProject
Project("{FAE04EC0-301F-11D3-BF4B-00C04F79EFBC}") = "Core", "Core\Core.csproj", "{36B26FFC-40A2-46C8-84E8-9CE279E2DAB2}"
EndProject
Global
	GlobalSection(SolutionConfigurationPlatforms) = preSolution
		Debug|Any CPU = Debug|Any CPU
		Release|Any CPU = Release|Any CPU
	EndGlobalSection
	GlobalSection(ProjectConfigurationPlatforms) = postSolution
		{E8157835-DDA5-4030-8C70-D9ACE5DF6D77}.Debug|Any CPU.ActiveCfg = Debug|Any CPU
		{E8157835-DDA5-4030-8C70-D9ACE5DF6D77}.Debug|Any CPU.Build.0 = Debug|Any CPU
		{E8157835-DDA5-4030-8C70-D9ACE5DF6D77}.Release|Any CPU.ActiveCfg = Release|Any CPU
		{E8157835-DDA5-4030-8C70-D9ACE5DF6D77}.Release|Any CPU.Build.0 = Release|Any CPU
		{61FBDA81-CD0E-4A3D-8D9A-B482561F2183}.Debug|Any CPU.ActiveCfg = Debug|Any CPU
		{61FBDA81-CD0E-4A3D-8D9A-B482561F2183}.Debug|Any CPU.Build.0 = Debug|Any CPU
		{61FBDA81-CD0E-4A3D-8D9A-B482561F2183}.Release|Any CPU.ActiveCfg = Release|Any CPU
		{61FBDA81-CD0E-4A3D-8D9A-B482561F2183}.Release|Any CPU.Build.0 = Release|Any CPU
		{E8A43861-F32A-4619-AFCB-13D2FD233340}.Debug|Any CPU.ActiveCfg = Debug|Any CPU
		{E8A43861-F32A-4619-AFCB-13D2FD233340}.Debug|Any CPU.Build.0 = Debug|Any CPU
		{E8A43861-F32A-4619-AFCB-13D2FD233340}.Release|Any CPU.ActiveCfg = Release|Any CPU
		{E8A43861-F32A-4619-AFCB-13D2FD233340}.Release|Any CPU.Build.0 = Release|Any CPU
		{36B26FFC-40A2-46C8-84E8-9CE279E2DAB2}.Debug|Any CPU.ActiveCfg = Debug|Any CPU
		{36B26FFC-40A2-46C8-84E8-9CE279E2DAB2}.Debug|Any CPU.Build.0 = Debug|Any CPU
		{36B26FFC-40A2-46C8-84E8-9CE279E2DAB2}.Release|Any CPU.ActiveCfg = Release|Any CPU
		{36B26FFC-40A2-46C8-84E8-9CE279E2DAB2}.Release|Any CPU.Build.0 = Release|Any CPU
	EndGlobalSection
EndGlobal
