
Microsoft Visual Studio Solution File, Format Version 12.00
Project("{2150E333-8FDC-42A3-9474-1A3956D46DE8}") = "Core", "Core", "{E1D9CA16-6152-4B65-BE3F-166FA63133F3}"
EndProject
Project("{2150E333-8FDC-42A3-9474-1A3956D46DE8}") = "Infrastructure", "Infrastructure", "{876CD5A2-89D4-41A3-A253-1E382F13B902}"
EndProject
Project("{FAE04EC0-301F-11D3-BF4B-00C04F79EFBC}") = "Web", "Web\Web.csproj", "{91BCC109-5C8C-4F06-BC4E-5F3555C8A9F4}"
EndProject
Project("{FAE04EC0-301F-11D3-BF4B-00C04F79EFBC}") = "Domain", "Domain\Domain.csproj", "{5CCC8392-DFEC-4E1E-90A6-5C3F87C1E297}"
EndProject
Project("{FAE04EC0-301F-11D3-BF4B-00C04F79EFBC}") = "Services.Abstractions", "Services.Abstractions\Services.Abstractions.csproj", "{20C2A312-9E5A-4E37-A599-A23824743498}"
EndProject
Project("{FAE04EC0-301F-11D3-BF4B-00C04F79EFBC}") = "Services", "Services\Services.csproj", "{D3A7A358-A8A7-489F-9D76-2D5ED4964076}"
EndProject
Project("{FAE04EC0-301F-11D3-BF4B-00C04F79EFBC}") = "Presentation", "Presentation\Presentation.csproj", "{6603A3B0-5049-4EF3-891F-262F037D2A7E}"
EndProject
Project("{FAE04EC0-301F-11D3-BF4B-00C04F79EFBC}") = "Shared", "Shared\Shared.csproj", "{363D50A1-CCCD-4B59-8D8B-81F0C3ACA411}"
EndProject
Project("{FAE04EC0-301F-11D3-BF4B-00C04F79EFBC}") = "Persistence", "Persistence\Persistence.csproj", "{2E5DBFF2-27A6-4428-AC47-D9C99DC5A3B8}"
EndProject
Global
	GlobalSection(SolutionConfigurationPlatforms) = preSolution
		Debug|Any CPU = Debug|Any CPU
		Release|Any CPU = Release|Any CPU
	EndGlobalSection
	GlobalSection(ProjectConfigurationPlatforms) = postSolution
		{91BCC109-5C8C-4F06-BC4E-5F3555C8A9F4}.Debug|Any CPU.ActiveCfg = Debug|Any CPU
		{91BCC109-5C8C-4F06-BC4E-5F3555C8A9F4}.Debug|Any CPU.Build.0 = Debug|Any CPU
		{91BCC109-5C8C-4F06-BC4E-5F3555C8A9F4}.Release|Any CPU.ActiveCfg = Release|Any CPU
		{91BCC109-5C8C-4F06-BC4E-5F3555C8A9F4}.Release|Any CPU.Build.0 = Release|Any CPU
		{5CCC8392-DFEC-4E1E-90A6-5C3F87C1E297}.Debug|Any CPU.ActiveCfg = Debug|Any CPU
		{5CCC8392-DFEC-4E1E-90A6-5C3F87C1E297}.Debug|Any CPU.Build.0 = Debug|Any CPU
		{5CCC8392-DFEC-4E1E-90A6-5C3F87C1E297}.Release|Any CPU.ActiveCfg = Release|Any CPU
		{5CCC8392-DFEC-4E1E-90A6-5C3F87C1E297}.Release|Any CPU.Build.0 = Release|Any CPU
		{20C2A312-9E5A-4E37-A599-A23824743498}.Debug|Any CPU.ActiveCfg = Debug|Any CPU
		{20C2A312-9E5A-4E37-A599-A23824743498}.Debug|Any CPU.Build.0 = Debug|Any CPU
		{20C2A312-9E5A-4E37-A599-A23824743498}.Release|Any CPU.ActiveCfg = Release|Any CPU
		{20C2A312-9E5A-4E37-A599-A23824743498}.Release|Any CPU.Build.0 = Release|Any CPU
		{D3A7A358-A8A7-489F-9D76-2D5ED4964076}.Debug|Any CPU.ActiveCfg = Debug|Any CPU
		{D3A7A358-A8A7-489F-9D76-2D5ED4964076}.Debug|Any CPU.Build.0 = Debug|Any CPU
		{D3A7A358-A8A7-489F-9D76-2D5ED4964076}.Release|Any CPU.ActiveCfg = Release|Any CPU
		{D3A7A358-A8A7-489F-9D76-2D5ED4964076}.Release|Any CPU.Build.0 = Release|Any CPU
		{6603A3B0-5049-4EF3-891F-262F037D2A7E}.Debug|Any CPU.ActiveCfg = Debug|Any CPU
		{6603A3B0-5049-4EF3-891F-262F037D2A7E}.Debug|Any CPU.Build.0 = Debug|Any CPU
		{6603A3B0-5049-4EF3-891F-262F037D2A7E}.Release|Any CPU.ActiveCfg = Release|Any CPU
		{6603A3B0-5049-4EF3-891F-262F037D2A7E}.Release|Any CPU.Build.0 = Release|Any CPU
		{363D50A1-CCCD-4B59-8D8B-81F0C3ACA411}.Debug|Any CPU.ActiveCfg = Debug|Any CPU
		{363D50A1-CCCD-4B59-8D8B-81F0C3ACA411}.Debug|Any CPU.Build.0 = Debug|Any CPU
		{363D50A1-CCCD-4B59-8D8B-81F0C3ACA411}.Release|Any CPU.ActiveCfg = Release|Any CPU
		{363D50A1-CCCD-4B59-8D8B-81F0C3ACA411}.Release|Any CPU.Build.0 = Release|Any CPU
		{2E5DBFF2-27A6-4428-AC47-D9C99DC5A3B8}.Debug|Any CPU.ActiveCfg = Debug|Any CPU
		{2E5DBFF2-27A6-4428-AC47-D9C99DC5A3B8}.Debug|Any CPU.Build.0 = Debug|Any CPU
		{2E5DBFF2-27A6-4428-AC47-D9C99DC5A3B8}.Release|Any CPU.ActiveCfg = Release|Any CPU
		{2E5DBFF2-27A6-4428-AC47-D9C99DC5A3B8}.Release|Any CPU.Build.0 = Release|Any CPU
	EndGlobalSection
	GlobalSection(NestedProjects) = preSolution
		{5CCC8392-DFEC-4E1E-90A6-5C3F87C1E297} = {E1D9CA16-6152-4B65-BE3F-166FA63133F3}
		{20C2A312-9E5A-4E37-A599-A23824743498} = {E1D9CA16-6152-4B65-BE3F-166FA63133F3}
		{D3A7A358-A8A7-489F-9D76-2D5ED4964076} = {E1D9CA16-6152-4B65-BE3F-166FA63133F3}
		{6603A3B0-5049-4EF3-891F-262F037D2A7E} = {876CD5A2-89D4-41A3-A253-1E382F13B902}
		{2E5DBFF2-27A6-4428-AC47-D9C99DC5A3B8} = {876CD5A2-89D4-41A3-A253-1E382F13B902}
	EndGlobalSection
EndGlobal
